
Microsoft Visual Studio Solution File, Format Version 12.00
# Visual Studio 15
Project("{FAE04EC0-301F-11D3-BF4B-00C04F79EFBC}") = "csproject", "csproject.csproj", "{B6FFBBF2-EE71-424E-89FC-1333395538AE}"
EndProject
Global
	GlobalSection(SolutionConfigurationPlatforms) = preSolution
		Debug|Any CPU = Debug|Any CPU
		Release|Any CPU = Release|Any CPU
	EndGlobalSection
	GlobalSection(ProjectConfigurationPlatforms) = postSolution
		{B6FFBBF2-EE71-424E-89FC-1333395538AE}.Debug|Any CPU.ActiveCfg = Debug|Any CPU
		{B6FFBBF2-EE71-424E-89FC-1333395538AE}.Debug|Any CPU.Build.0 = Debug|Any CPU
		{B6FFBBF2-EE71-424E-89FC-1333395538AE}.Release|Any CPU.ActiveCfg = Release|Any CPU
		{B6FFBBF2-EE71-424E-89FC-1333395538AE}.Release|Any CPU.Build.0 = Release|Any CPU
	EndGlobalSection
EndGlobal
